schema: '2.0'
stages:
  train:
    cmd: python -m src.train
    deps:
    - path: data/HousingData.csv
      hash: md5
      md5: 9d9460d994e88c868ee98ea23e6c4111
      size: 35008
    - path: src/config.py
      hash: md5
      md5: ca7d07b437cc280b8d570b695a9e20e7
      size: 1009
    - path: src/data_manager.py
      hash: md5
      md5: bc34aa74c8a2a0cfe87afa5a73fdc3c6
      size: 1673
    - path: src/pipeline.py
      hash: md5
      md5: 1eb51d1e5ff23c07a23f14dd051295d1
      size: 903
    - path: src/processing/transformers.py
      hash: md5
      md5: d99fe16af81a6482c2064ff6de60efb4
      size: 475
    - path: src/train.py
      hash: md5
      md5: e702e0e5e5975f238f0f6a4d31322130
      size: 5778
    params:
      params.yaml:
        train:
          test_size: 0.2
          random_state: 42
          automl_budget_secs: 60
          target: MEDV
    outs:
    - path: models/best_pipeline.pkl
      hash: md5
      md5: 17dfc85c6f34faee8abaf0bc635db95b
      size: 290731
    - path: reports/automl_summary.txt
      hash: md5
      md5: dcbc5bc2db785edbe531daf4a53e7d67
      size: 743
    - path: reports/feature_importance.png
      hash: md5
      md5: bfd4f148ad49f2ec4e6912bd7696f76a
      size: 22762
    - path: reports/main.log
      hash: md5
      md5: 229aa63718586746f76df8e1d4552c50
      size: 1362
    - path: reports/metrics.json
      hash: md5
      md5: eea31da3d68f47137957958702c491c8
      size: 371
    - path: reports/shap_summary.png
      hash: md5
      md5: 776a8c33eb2a761487c4a6b0cf32bbd2
      size: 74447
